
Microsoft Visual Studio Solution File, Format Version 12.00
# Visual Studio Version 16
VisualStudioVersion = 16.0.29503.13
MinimumVisualStudioVersion = 10.0.40219.1
Project("{9A19103F-16F7-4668-BE54-9A1E7A4F7556}") = "Core", "Core\Core.csproj", "{E04AEDDA-29B2-495C-A07C-B96518819CAE}"
EndProject
Project("{9A19103F-16F7-4668-BE54-9A1E7A4F7556}") = "Core.App", "Core.App\Core.App.csproj", "{1D94584A-3B8A-4B0B-B079-1A3736FC1DE9}"
EndProject
Global
	GlobalSection(SolutionConfigurationPlatforms) = preSolution
		Debug|Any CPU = Debug|Any CPU
		Release|Any CPU = Release|Any CPU
	EndGlobalSection
	GlobalSection(ProjectConfigurationPlatforms) = postSolution
		{E04AEDDA-29B2-495C-A07C-B96518819CAE}.Debug|Any CPU.ActiveCfg = Debug|Any CPU
		{E04AEDDA-29B2-495C-A07C-B96518819CAE}.Debug|Any CPU.Build.0 = Debug|Any CPU
		{E04AEDDA-29B2-495C-A07C-B96518819CAE}.Release|Any CPU.ActiveCfg = Release|Any CPU
		{E04AEDDA-29B2-495C-A07C-B96518819CAE}.Release|Any CPU.Build.0 = Release|Any CPU
		{1D94584A-3B8A-4B0B-B079-1A3736FC1DE9}.Debug|Any CPU.ActiveCfg = Debug|Any CPU
		{1D94584A-3B8A-4B0B-B079-1A3736FC1DE9}.Debug|Any CPU.Build.0 = Debug|Any CPU
		{1D94584A-3B8A-4B0B-B079-1A3736FC1DE9}.Release|Any CPU.ActiveCfg = Release|Any CPU
		{1D94584A-3B8A-4B0B-B079-1A3736FC1DE9}.Release|Any CPU.Build.0 = Release|Any CPU
	EndGlobalSection
	GlobalSection(SolutionProperties) = preSolution
		HideSolutionNode = FALSE
	EndGlobalSection
	GlobalSection(ExtensibilityGlobals) = postSolution
		SolutionGuid = {4E14580F-3F11-432D-B8A6-826298592ABB}
	EndGlobalSection
EndGlobal
